
Microsoft Visual Studio Solution File, Format Version 12.00
# Visual Studio Version 17
VisualStudioVersion = 17.9.34728.123
MinimumVisualStudioVersion = 10.0.40219.1
Project("{FAE04EC0-301F-11D3-BF4B-00C04F79EFBC}") = "FunctionApp1", "FunctionApp1.csproj", "{0BDBAC81-4B69-43AA-909E-8F1AE2936932}"
EndProject
Global
	GlobalSection(SolutionConfigurationPlatforms) = preSolution
		Debug|Any CPU = Debug|Any CPU
		Release|Any CPU = Release|Any CPU
	EndGlobalSection
	GlobalSection(ProjectConfigurationPlatforms) = postSolution
		{0BDBAC81-4B69-43AA-909E-8F1AE2936932}.Debug|Any CPU.ActiveCfg = Debug|Any CPU
		{0BDBAC81-4B69-43AA-909E-8F1AE2936932}.Debug|Any CPU.Build.0 = Debug|Any CPU
		{0BDBAC81-4B69-43AA-909E-8F1AE2936932}.Release|Any CPU.ActiveCfg = Release|Any CPU
		{0BDBAC81-4B69-43AA-909E-8F1AE2936932}.Release|Any CPU.Build.0 = Release|Any CPU
	EndGlobalSection
	GlobalSection(SolutionProperties) = preSolution
		HideSolutionNode = FALSE
	EndGlobalSection
	GlobalSection(ExtensibilityGlobals) = postSolution
		SolutionGuid = {6AE3BBC6-8E87-44D7-AF17-D71EB21D90DF}
	EndGlobalSection
EndGlobal
